"/wallet/getblock":
  "get":
    "tags":
      - "Block / transaction query"
    "summary": "Generic block query (by num or hash)"
    "description": "Endpoint registration, HTTP method, servlet, and request type are derived from java-tron source. See `docs/api/http/block-and-tx-query/getblock.md` for examples and detailed behavior."
    "operationId": "wallet_getblock_get"
    "externalDocs":
      "url": "https://github.com/tronprotocol/documentation-en/blob/master/docs/api/http/block-and-tx-query/getblock.md"
    "responses":
      "200":
        "description": "java-tron response. Most business errors are returned with HTTP 200 and an error object in the body."
        "content":
          "application/json":
            "schema":
              "oneOf":
                -
                  "$ref": "#/components/schemas/Block"
                -
                  "$ref": "#/components/schemas/JavaTronError"
              "x-tron-business-error":
                "httpStatus": 200
                "errorSchema": "#/components/schemas/JavaTronError"
                "discriminatorField": "Error"
      "404":
        "description": "Endpoint disabled by node configuration."
    "x-source-derived": true
    "x-java-service": "FullNode HTTP"
    "x-java-servlet": "GetBlockServlet"
    "x-java-source": "framework/src/main/java/org/tron/core/services/http/FullNodeHttpApiService.java"
    "x-tron-alternate-endpoints":
      -
        "path": "/walletsolidity/getblock"
        "service": "HTTP OnSolidity"
        "consistency": "solidified"
        "x-java-servlet": "GetBlockOnSolidityServlet"
    "parameters":
      -
        "name": "id_or_num"
        "in": "query"
        "required": false
        "schema":
          "type": "string"
          "description": "Block id or block number."
        "x-source-derived": true
      -
        "name": "detail"
        "in": "query"
        "required": false
        "schema":
          "type": "boolean"
          "description": "Whether to return detailed block information."
        "x-source-derived": true
      -
        "name": "visible"
        "in": "query"
        "required": false
        "schema":
          "type": "boolean"
          "description": "When true, addresses are encoded in base58check; when false or omitted, addresses are hex-encoded."
        "x-source-derived": true
    "x-overlay-derived": true
    "x-source-refs":
      - "framework/src/main/java/org/tron/core/services/http/GetBlockServlet.java"
      - "protocol/src/main/protos/api/api.proto#BlockReq"
  "post":
    "tags":
      - "Block / transaction query"
    "summary": "Generic block query (by num or hash)"
    "description": "Endpoint registration, HTTP method, servlet, and request type are derived from java-tron source. See `docs/api/http/block-and-tx-query/getblock.md` for examples and detailed behavior."
    "operationId": "wallet_getblock_post"
    "externalDocs":
      "url": "https://github.com/tronprotocol/documentation-en/blob/master/docs/api/http/block-and-tx-query/getblock.md"
    "responses":
      "200":
        "description": "java-tron response. Most business errors are returned with HTTP 200 and an error object in the body."
        "content":
          "application/json":
            "schema":
              "oneOf":
                -
                  "$ref": "#/components/schemas/Block"
                -
                  "$ref": "#/components/schemas/JavaTronError"
              "x-tron-business-error":
                "httpStatus": 200
                "errorSchema": "#/components/schemas/JavaTronError"
                "discriminatorField": "Error"
      "404":
        "description": "Endpoint disabled by node configuration."
    "x-source-derived": true
    "x-java-service": "FullNode HTTP"
    "x-java-servlet": "GetBlockServlet"
    "x-java-source": "framework/src/main/java/org/tron/core/services/http/FullNodeHttpApiService.java"
    "x-tron-alternate-endpoints":
      -
        "path": "/walletsolidity/getblock"
        "service": "HTTP OnSolidity"
        "consistency": "solidified"
        "x-java-servlet": "GetBlockOnSolidityServlet"
    "requestBody":
      "required": true
      "content":
        "application/json":
          "schema":
            "$ref": "#/components/schemas/BlockReqRequest"
    "x-overlay-derived": true
    "x-source-refs":
      - "framework/src/main/java/org/tron/core/services/http/GetBlockServlet.java"
      - "protocol/src/main/protos/api/api.proto#BlockReq"
