# This file is generated by scripts/generate_api_specs.py. Do not edit by hand.
"/wallet/getnowblock":
  "get":
    "tags":
      - "Block / transaction query"
    "summary": "Latest block"
    "description": "Endpoint registration, HTTP method, servlet, and request type are derived from java-tron source. See `docs/api/http/block-and-tx-query/getnowblock.md` for examples and detailed behavior."
    "operationId": "wallet_getnowblock_get"
    "externalDocs":
      "url": "docs/api/http/block-and-tx-query/getnowblock.md"
    "responses":
      "200":
        "description": "java-tron response. Most business errors are returned with HTTP 200 and an error object in the body."
        "content":
          "application/json":
            "schema":
              "type": "object"
              "additionalProperties": true
              "properties":
                "transactions":
                  "type": "array"
                  "items":
                    "type": "object"
                    "additionalProperties": true
                "block_header":
                  "type": "object"
                  "additionalProperties": true
              "x-proto-message": "Block"
              "x-proto-file": "protocol/src/main/protos/core/Tron.proto"
              "x-java-response-type": "org.tron.protos.Protocol.Block"
              "x-java-response": "Block rendered by java-tron JSON printer"
          "text/plain":
            "schema":
              "type": "string"
      "404":
        "description": "Endpoint disabled by node configuration."
    "x-source-derived": true
    "x-java-service": "FullNode HTTP"
    "x-java-servlet": "GetNowBlockServlet"
    "x-java-source": "framework/src/main/java/org/tron/core/services/http/FullNodeHttpApiService.java"
    "x-solidity-endpoint": "/walletsolidity/getnowblock"
    "x-solidity-servlet": "GetNowBlockOnSolidityServlet"
    "parameters":
      -
        "name": "visible"
        "in": "query"
        "required": false
        "schema":
          "type": "boolean"
        "x-source-derived": true
  "post":
    "tags":
      - "Block / transaction query"
    "summary": "Latest block"
    "description": "Endpoint registration, HTTP method, servlet, and request type are derived from java-tron source. See `docs/api/http/block-and-tx-query/getnowblock.md` for examples and detailed behavior."
    "operationId": "wallet_getnowblock_post"
    "externalDocs":
      "url": "docs/api/http/block-and-tx-query/getnowblock.md"
    "responses":
      "200":
        "description": "java-tron response. Most business errors are returned with HTTP 200 and an error object in the body."
        "content":
          "application/json":
            "schema":
              "type": "object"
              "additionalProperties": true
              "properties":
                "transactions":
                  "type": "array"
                  "items":
                    "type": "object"
                    "additionalProperties": true
                "block_header":
                  "type": "object"
                  "additionalProperties": true
              "x-proto-message": "Block"
              "x-proto-file": "protocol/src/main/protos/core/Tron.proto"
              "x-java-response-type": "org.tron.protos.Protocol.Block"
              "x-java-response": "Block rendered by java-tron JSON printer"
          "text/plain":
            "schema":
              "type": "string"
      "404":
        "description": "Endpoint disabled by node configuration."
    "x-source-derived": true
    "x-java-service": "FullNode HTTP"
    "x-java-servlet": "GetNowBlockServlet"
    "x-java-source": "framework/src/main/java/org/tron/core/services/http/FullNodeHttpApiService.java"
    "x-solidity-endpoint": "/walletsolidity/getnowblock"
    "x-solidity-servlet": "GetNowBlockOnSolidityServlet"
    "parameters":
      -
        "name": "visible"
        "in": "query"
        "required": false
        "schema":
          "type": "boolean"
        "x-source-derived": true
